
Microsoft Visual Studio Solution File, Format Version 12.00
# Visual Studio Version 16
VisualStudioVersion = 16.0.32002.261
MinimumVisualStudioVersion = 10.0.40219.1
Project("{FAE04EC0-301F-11D3-BF4B-00C04F79EFBC}") = "WebApplication99", "WebApplication99\WebApplication99.csproj", "{36FB73C5-317F-44DE-BC6D-6FBF0678EBAA}"
EndProject
Global
	GlobalSection(SolutionConfigurationPlatforms) = preSolution
		Debug|Any CPU = Debug|Any CPU
		Release|Any CPU = Release|Any CPU
	EndGlobalSection
	GlobalSection(ProjectConfigurationPlatforms) = postSolution
		{36FB73C5-317F-44DE-BC6D-6FBF0678EBAA}.Debug|Any CPU.ActiveCfg = Debug|Any CPU
		{36FB73C5-317F-44DE-BC6D-6FBF0678EBAA}.Debug|Any CPU.Build.0 = Debug|Any CPU
		{36FB73C5-317F-44DE-BC6D-6FBF0678EBAA}.Release|Any CPU.ActiveCfg = Release|Any CPU
		{36FB73C5-317F-44DE-BC6D-6FBF0678EBAA}.Release|Any CPU.Build.0 = Release|Any CPU
	EndGlobalSection
	GlobalSection(SolutionProperties) = preSolution
		HideSolutionNode = FALSE
	EndGlobalSection
	GlobalSection(ExtensibilityGlobals) = postSolution
		SolutionGuid = {A89A7A2D-5559-41A5-B421-ECAC8A0065CC}
	EndGlobalSection
EndGlobal
